
Microsoft Visual Studio Solution File, Format Version 12.00
# Visual Studio Version 16
VisualStudioVersion = 16.0.31129.286
MinimumVisualStudioVersion = 10.0.40219.1
Project("{FAE04EC0-301F-11D3-BF4B-00C04F79EFBC}") = "MvcSample", "MvcSample.csproj", "{51AC745A-7B06-49AB-B322-EDAA7506914B}"
EndProject
Global
	GlobalSection(SolutionConfigurationPlatforms) = preSolution
		Debug|Any CPU = Debug|Any CPU
		Release|Any CPU = Release|Any CPU
	EndGlobalSection
	GlobalSection(ProjectConfigurationPlatforms) = postSolution
		{51AC745A-7B06-49AB-B322-EDAA7506914B}.Debug|Any CPU.ActiveCfg = Debug|Any CPU
		{51AC745A-7B06-49AB-B322-EDAA7506914B}.Debug|Any CPU.Build.0 = Debug|Any CPU
		{51AC745A-7B06-49AB-B322-EDAA7506914B}.Release|Any CPU.ActiveCfg = Release|Any CPU
		{51AC745A-7B06-49AB-B322-EDAA7506914B}.Release|Any CPU.Build.0 = Release|Any CPU
	EndGlobalSection
	GlobalSection(SolutionProperties) = preSolution
		HideSolutionNode = FALSE
	EndGlobalSection
	GlobalSection(ExtensibilityGlobals) = postSolution
		SolutionGuid = {EEA92158-BD2F-4DBA-8670-EFE58F82EB05}
	EndGlobalSection
EndGlobal
